
Microsoft Visual Studio Solution File, Format Version 12.00
# Visual Studio Version 16
VisualStudioVersion = 16.0.31205.134
MinimumVisualStudioVersion = 10.0.40219.1
Project("{9A19103F-16F7-4668-BE54-9A1E7A4F7556}") = "ApplicationDev", "ApplicationDev\ApplicationDev.csproj", "{B9F8C841-5459-47A9-9246-82F01CE4A6F9}"
EndProject
Project("{FAE04EC0-301F-11D3-BF4B-00C04F79EFBC}") = "DEV_form", "DEV_form\DEV_form.csproj", "{980DDC52-5C42-4FE1-94F8-EDF64815523D}"
EndProject
Global
	GlobalSection(SolutionConfigurationPlatforms) = preSolution
		Debug|Any CPU = Debug|Any CPU
		Release|Any CPU = Release|Any CPU
	EndGlobalSection
	GlobalSection(ProjectConfigurationPlatforms) = postSolution
		{B9F8C841-5459-47A9-9246-82F01CE4A6F9}.Debug|Any CPU.ActiveCfg = Debug|Any CPU
		{B9F8C841-5459-47A9-9246-82F01CE4A6F9}.Debug|Any CPU.Build.0 = Debug|Any CPU
		{B9F8C841-5459-47A9-9246-82F01CE4A6F9}.Release|Any CPU.ActiveCfg = Release|Any CPU
		{B9F8C841-5459-47A9-9246-82F01CE4A6F9}.Release|Any CPU.Build.0 = Release|Any CPU
		{980DDC52-5C42-4FE1-94F8-EDF64815523D}.Debug|Any CPU.ActiveCfg = Debug|Any CPU
		{980DDC52-5C42-4FE1-94F8-EDF64815523D}.Debug|Any CPU.Build.0 = Debug|Any CPU
		{980DDC52-5C42-4FE1-94F8-EDF64815523D}.Release|Any CPU.ActiveCfg = Release|Any CPU
		{980DDC52-5C42-4FE1-94F8-EDF64815523D}.Release|Any CPU.Build.0 = Release|Any CPU
	EndGlobalSection
	GlobalSection(SolutionProperties) = preSolution
		HideSolutionNode = FALSE
	EndGlobalSection
	GlobalSection(ExtensibilityGlobals) = postSolution
		SolutionGuid = {B5C8E87A-2F7B-44A9-8A9D-062CD3DD5337}
	EndGlobalSection
EndGlobal
