
Microsoft Visual Studio Solution File, Format Version 12.00
# Visual Studio Version 16
VisualStudioVersion = 16.0.31205.134
MinimumVisualStudioVersion = 10.0.40219.1
Project("{FAE04EC0-301F-11D3-BF4B-00C04F79EFBC}") = "Test1", "Test1\Test1.csproj", "{BC2B4A69-DBF0-4D59-BAF4-48B85E0694FA}"
EndProject
Project("{FAE04EC0-301F-11D3-BF4B-00C04F79EFBC}") = "Test2", "Test2\Test2.csproj", "{EA971420-8A3D-4C12-B4F4-53FF00AA067F}"
EndProject
Project("{FAE04EC0-301F-11D3-BF4B-00C04F79EFBC}") = "Test3", "Test3\Test3.csproj", "{D83417FC-C3BD-40A5-B7C4-9A01BDBDB090}"
EndProject
Project("{FAE04EC0-301F-11D3-BF4B-00C04F79EFBC}") = "Test4", "Test4\Test4.csproj", "{CD99E02D-BF3E-4BFB-A1B1-3C81A543D639}"
EndProject
Project("{FAE04EC0-301F-11D3-BF4B-00C04F79EFBC}") = "Test5", "Test5\Test5.csproj", "{01FDC2B5-D438-4585-907D-4D02134490CC}"
EndProject
Global
	GlobalSection(SolutionConfigurationPlatforms) = preSolution
		Debug|Any CPU = Debug|Any CPU
		Release|Any CPU = Release|Any CPU
	EndGlobalSection
	GlobalSection(ProjectConfigurationPlatforms) = postSolution
		{BC2B4A69-DBF0-4D59-BAF4-48B85E0694FA}.Debug|Any CPU.ActiveCfg = Debug|Any CPU
		{BC2B4A69-DBF0-4D59-BAF4-48B85E0694FA}.Debug|Any CPU.Build.0 = Debug|Any CPU
		{BC2B4A69-DBF0-4D59-BAF4-48B85E0694FA}.Release|Any CPU.ActiveCfg = Release|Any CPU
		{BC2B4A69-DBF0-4D59-BAF4-48B85E0694FA}.Release|Any CPU.Build.0 = Release|Any CPU
		{EA971420-8A3D-4C12-B4F4-53FF00AA067F}.Debug|Any CPU.ActiveCfg = Debug|Any CPU
		{EA971420-8A3D-4C12-B4F4-53FF00AA067F}.Debug|Any CPU.Build.0 = Debug|Any CPU
		{EA971420-8A3D-4C12-B4F4-53FF00AA067F}.Release|Any CPU.ActiveCfg = Release|Any CPU
		{EA971420-8A3D-4C12-B4F4-53FF00AA067F}.Release|Any CPU.Build.0 = Release|Any CPU
		{D83417FC-C3BD-40A5-B7C4-9A01BDBDB090}.Debug|Any CPU.ActiveCfg = Debug|Any CPU
		{D83417FC-C3BD-40A5-B7C4-9A01BDBDB090}.Debug|Any CPU.Build.0 = Debug|Any CPU
		{D83417FC-C3BD-40A5-B7C4-9A01BDBDB090}.Release|Any CPU.ActiveCfg = Release|Any CPU
		{D83417FC-C3BD-40A5-B7C4-9A01BDBDB090}.Release|Any CPU.Build.0 = Release|Any CPU
		{CD99E02D-BF3E-4BFB-A1B1-3C81A543D639}.Debug|Any CPU.ActiveCfg = Debug|Any CPU
		{CD99E02D-BF3E-4BFB-A1B1-3C81A543D639}.Debug|Any CPU.Build.0 = Debug|Any CPU
		{CD99E02D-BF3E-4BFB-A1B1-3C81A543D639}.Release|Any CPU.ActiveCfg = Release|Any CPU
		{CD99E02D-BF3E-4BFB-A1B1-3C81A543D639}.Release|Any CPU.Build.0 = Release|Any CPU
		{01FDC2B5-D438-4585-907D-4D02134490CC}.Debug|Any CPU.ActiveCfg = Debug|Any CPU
		{01FDC2B5-D438-4585-907D-4D02134490CC}.Debug|Any CPU.Build.0 = Debug|Any CPU
		{01FDC2B5-D438-4585-907D-4D02134490CC}.Release|Any CPU.ActiveCfg = Release|Any CPU
		{01FDC2B5-D438-4585-907D-4D02134490CC}.Release|Any CPU.Build.0 = Release|Any CPU
	EndGlobalSection
	GlobalSection(SolutionProperties) = preSolution
		HideSolutionNode = FALSE
	EndGlobalSection
	GlobalSection(ExtensibilityGlobals) = postSolution
		SolutionGuid = {E4740E64-DE90-420A-8D12-DF46A75254F4}
	EndGlobalSection
EndGlobal
